
Microsoft Visual Studio Solution File, Format Version 12.00
# Visual Studio 14
VisualStudioVersion = 14.0.24720.0
MinimumVisualStudioVersion = 10.0.40219.1
Project("{2150E333-8FDC-42A3-9474-1A3956D46DE8}") = "CrossCutting", "CrossCutting", "{07EC7EF1-4318-48C2-902A-3E48CC8A90C7}"
EndProject
Project("{2150E333-8FDC-42A3-9474-1A3956D46DE8}") = "Logic", "Logic", "{2638744D-3488-4AAE-87B3-1698C5E81BDD}"
EndProject
Project("{2150E333-8FDC-42A3-9474-1A3956D46DE8}") = "Data", "Data", "{96846E10-BCC4-4784-A577-B160ADCE76BB}"
EndProject
Project("{2150E333-8FDC-42A3-9474-1A3956D46DE8}") = "DependencyInjection", "DependencyInjection", "{91439E78-799D-4A9F-A02D-830E68064597}"
EndProject
Project("{8BB2217D-0F2D-49D1-97BC-3654ED321F3B}") = "Services", "Services\Services.xproj", "{8D58E07F-92C4-4AB4-BA1E-52BC441D5E9D}"
EndProject
Project("{8BB2217D-0F2D-49D1-97BC-3654ED321F3B}") = "DataClasses", "DataClasses\DataClasses.xproj", "{6ED3EB32-1053-4F4B-B97A-0A9C72EA30BE}"
EndProject
Project("{8BB2217D-0F2D-49D1-97BC-3654ED321F3B}") = "DataStoring.Contracts", "DataStoring.Contracts\DataStoring.Contracts.xproj", "{42C4AF77-649C-4BFC-A014-252914D2E023}"
EndProject
Project("{8BB2217D-0F2D-49D1-97BC-3654ED321F3B}") = "DataStoring", "DataStoring\DataStoring.xproj", "{4D785A98-A972-4A40-9513-9473F716B354}"
EndProject
Project("{8BB2217D-0F2D-49D1-97BC-3654ED321F3B}") = "PersonManagement", "PersonManagement\PersonManagement.xproj", "{C34B6C1F-188E-4864-92B8-E3D92282FE6D}"
EndProject
Project("{8BB2217D-0F2D-49D1-97BC-3654ED321F3B}") = "PersonManagement.Contracts", "PersonManagement.Contracts\PersonManagement.Contracts.xproj", "{C7EF2478-DC9A-4EAE-A49C-69E86C0C7DE0}"
EndProject
Project("{8BB2217D-0F2D-49D1-97BC-3654ED321F3B}") = "Mappings", "Mappings\Mappings.xproj", "{4DEE9775-DDE7-470D-ABE1-D61EC350401E}"
EndProject
Project("{2150E333-8FDC-42A3-9474-1A3956D46DE8}") = "WebAPI", "WebAPI", "{FC6CDA09-2949-4727-B280-CA85CBACC0EB}"
EndProject
Project("{8BB2217D-0F2D-49D1-97BC-3654ED321F3B}") = "Security", "Security\Security.xproj", "{ACF75E35-C841-4E9A-8436-0205F4BFB428}"
EndProject
Project("{8BB2217D-0F2D-49D1-97BC-3654ED321F3B}") = "Security.Contracts", "Security.Contracts\Security.Contracts.xproj", "{4241036B-3770-4979-ACA4-57545BA30C4D}"
EndProject
Project("{8BB2217D-0F2D-49D1-97BC-3654ED321F3B}") = "Configuration.Contracts", "Configuration.Contracts\Configuration.Contracts.xproj", "{7295D14E-2678-4383-B3DD-AD4FA55D1E9F}"
EndProject
Project("{8BB2217D-0F2D-49D1-97BC-3654ED321F3B}") = "Configuration", "Configuration\Configuration.xproj", "{9F985C82-599A-44F9-B388-DCCFA8FBD8FA}"
EndProject
Project("{8BB2217D-0F2D-49D1-97BC-3654ED321F3B}") = "UserManagement", "UserManagement\UserManagement.xproj", "{DDE2D08D-3893-4808-828E-6F2FD5DFDDB3}"
EndProject
Project("{8BB2217D-0F2D-49D1-97BC-3654ED321F3B}") = "UserManagement.Contracts", "UserManagement.Contracts\UserManagement.Contracts.xproj", "{B87FA20C-F3C1-4F12-8116-888DDA2B564A}"
EndProject
Project("{8BB2217D-0F2D-49D1-97BC-3654ED321F3B}") = "DataStoring.EF", "DataStoring.EF\DataStoring.EF.xproj", "{010325FE-B393-4A4A-9E47-6267DF150A45}"
EndProject
Project("{2150E333-8FDC-42A3-9474-1A3956D46DE8}") = "UI", "UI", "{906668B8-1BCA-400E-B2A0-F940E47490EB}"
EndProject
Project("{8BB2217D-0F2D-49D1-97BC-3654ED321F3B}") = "WebClient", "WebClient\WebClient.xproj", "{4AA70B19-BBA6-4BFD-93BF-5422C2DAAA21}"
EndProject
Global
	GlobalSection(SolutionConfigurationPlatforms) = preSolution
		Debug|Any CPU = Debug|Any CPU
		Release|Any CPU = Release|Any CPU
	EndGlobalSection
	GlobalSection(ProjectConfigurationPlatforms) = postSolution
		{8D58E07F-92C4-4AB4-BA1E-52BC441D5E9D}.Debug|Any CPU.ActiveCfg = Debug|Any CPU
		{8D58E07F-92C4-4AB4-BA1E-52BC441D5E9D}.Debug|Any CPU.Build.0 = Debug|Any CPU
		{8D58E07F-92C4-4AB4-BA1E-52BC441D5E9D}.Release|Any CPU.ActiveCfg = Release|Any CPU
		{8D58E07F-92C4-4AB4-BA1E-52BC441D5E9D}.Release|Any CPU.Build.0 = Release|Any CPU
		{6ED3EB32-1053-4F4B-B97A-0A9C72EA30BE}.Debug|Any CPU.ActiveCfg = Debug|Any CPU
		{6ED3EB32-1053-4F4B-B97A-0A9C72EA30BE}.Debug|Any CPU.Build.0 = Debug|Any CPU
		{6ED3EB32-1053-4F4B-B97A-0A9C72EA30BE}.Release|Any CPU.ActiveCfg = Release|Any CPU
		{6ED3EB32-1053-4F4B-B97A-0A9C72EA30BE}.Release|Any CPU.Build.0 = Release|Any CPU
		{42C4AF77-649C-4BFC-A014-252914D2E023}.Debug|Any CPU.ActiveCfg = Debug|Any CPU
		{42C4AF77-649C-4BFC-A014-252914D2E023}.Debug|Any CPU.Build.0 = Debug|Any CPU
		{42C4AF77-649C-4BFC-A014-252914D2E023}.Release|Any CPU.ActiveCfg = Release|Any CPU
		{42C4AF77-649C-4BFC-A014-252914D2E023}.Release|Any CPU.Build.0 = Release|Any CPU
		{4D785A98-A972-4A40-9513-9473F716B354}.Debug|Any CPU.ActiveCfg = Debug|Any CPU
		{4D785A98-A972-4A40-9513-9473F716B354}.Debug|Any CPU.Build.0 = Debug|Any CPU
		{4D785A98-A972-4A40-9513-9473F716B354}.Release|Any CPU.ActiveCfg = Release|Any CPU
		{4D785A98-A972-4A40-9513-9473F716B354}.Release|Any CPU.Build.0 = Release|Any CPU
		{C34B6C1F-188E-4864-92B8-E3D92282FE6D}.Debug|Any CPU.ActiveCfg = Debug|Any CPU
		{C34B6C1F-188E-4864-92B8-E3D92282FE6D}.Debug|Any CPU.Build.0 = Debug|Any CPU
		{C34B6C1F-188E-4864-92B8-E3D92282FE6D}.Release|Any CPU.ActiveCfg = Release|Any CPU
		{C34B6C1F-188E-4864-92B8-E3D92282FE6D}.Release|Any CPU.Build.0 = Release|Any CPU
		{C7EF2478-DC9A-4EAE-A49C-69E86C0C7DE0}.Debug|Any CPU.ActiveCfg = Debug|Any CPU
		{C7EF2478-DC9A-4EAE-A49C-69E86C0C7DE0}.Debug|Any CPU.Build.0 = Debug|Any CPU
		{C7EF2478-DC9A-4EAE-A49C-69E86C0C7DE0}.Release|Any CPU.ActiveCfg = Release|Any CPU
		{C7EF2478-DC9A-4EAE-A49C-69E86C0C7DE0}.Release|Any CPU.Build.0 = Release|Any CPU
		{4DEE9775-DDE7-470D-ABE1-D61EC350401E}.Debug|Any CPU.ActiveCfg = Debug|Any CPU
		{4DEE9775-DDE7-470D-ABE1-D61EC350401E}.Debug|Any CPU.Build.0 = Debug|Any CPU
		{4DEE9775-DDE7-470D-ABE1-D61EC350401E}.Release|Any CPU.ActiveCfg = Release|Any CPU
		{4DEE9775-DDE7-470D-ABE1-D61EC350401E}.Release|Any CPU.Build.0 = Release|Any CPU
		{ACF75E35-C841-4E9A-8436-0205F4BFB428}.Debug|Any CPU.ActiveCfg = Debug|Any CPU
		{ACF75E35-C841-4E9A-8436-0205F4BFB428}.Debug|Any CPU.Build.0 = Debug|Any CPU
		{ACF75E35-C841-4E9A-8436-0205F4BFB428}.Release|Any CPU.ActiveCfg = Release|Any CPU
		{ACF75E35-C841-4E9A-8436-0205F4BFB428}.Release|Any CPU.Build.0 = Release|Any CPU
		{4241036B-3770-4979-ACA4-57545BA30C4D}.Debug|Any CPU.ActiveCfg = Debug|Any CPU
		{4241036B-3770-4979-ACA4-57545BA30C4D}.Debug|Any CPU.Build.0 = Debug|Any CPU
		{4241036B-3770-4979-ACA4-57545BA30C4D}.Release|Any CPU.ActiveCfg = Release|Any CPU
		{4241036B-3770-4979-ACA4-57545BA30C4D}.Release|Any CPU.Build.0 = Release|Any CPU
		{7295D14E-2678-4383-B3DD-AD4FA55D1E9F}.Debug|Any CPU.ActiveCfg = Debug|Any CPU
		{7295D14E-2678-4383-B3DD-AD4FA55D1E9F}.Debug|Any CPU.Build.0 = Debug|Any CPU
		{7295D14E-2678-4383-B3DD-AD4FA55D1E9F}.Release|Any CPU.ActiveCfg = Release|Any CPU
		{7295D14E-2678-4383-B3DD-AD4FA55D1E9F}.Release|Any CPU.Build.0 = Release|Any CPU
		{9F985C82-599A-44F9-B388-DCCFA8FBD8FA}.Debug|Any CPU.ActiveCfg = Debug|Any CPU
		{9F985C82-599A-44F9-B388-DCCFA8FBD8FA}.Debug|Any CPU.Build.0 = Debug|Any CPU
		{9F985C82-599A-44F9-B388-DCCFA8FBD8FA}.Release|Any CPU.ActiveCfg = Release|Any CPU
		{9F985C82-599A-44F9-B388-DCCFA8FBD8FA}.Release|Any CPU.Build.0 = Release|Any CPU
		{DDE2D08D-3893-4808-828E-6F2FD5DFDDB3}.Debug|Any CPU.ActiveCfg = Debug|Any CPU
		{DDE2D08D-3893-4808-828E-6F2FD5DFDDB3}.Debug|Any CPU.Build.0 = Debug|Any CPU
		{DDE2D08D-3893-4808-828E-6F2FD5DFDDB3}.Release|Any CPU.ActiveCfg = Release|Any CPU
		{DDE2D08D-3893-4808-828E-6F2FD5DFDDB3}.Release|Any CPU.Build.0 = Release|Any CPU
		{B87FA20C-F3C1-4F12-8116-888DDA2B564A}.Debug|Any CPU.ActiveCfg = Debug|Any CPU
		{B87FA20C-F3C1-4F12-8116-888DDA2B564A}.Debug|Any CPU.Build.0 = Debug|Any CPU
		{B87FA20C-F3C1-4F12-8116-888DDA2B564A}.Release|Any CPU.ActiveCfg = Release|Any CPU
		{B87FA20C-F3C1-4F12-8116-888DDA2B564A}.Release|Any CPU.Build.0 = Release|Any CPU
		{010325FE-B393-4A4A-9E47-6267DF150A45}.Debug|Any CPU.ActiveCfg = Debug|Any CPU
		{010325FE-B393-4A4A-9E47-6267DF150A45}.Debug|Any CPU.Build.0 = Debug|Any CPU
		{010325FE-B393-4A4A-9E47-6267DF150A45}.Release|Any CPU.ActiveCfg = Release|Any CPU
		{010325FE-B393-4A4A-9E47-6267DF150A45}.Release|Any CPU.Build.0 = Release|Any CPU
		{4AA70B19-BBA6-4BFD-93BF-5422C2DAAA21}.Debug|Any CPU.ActiveCfg = Debug|Any CPU
		{4AA70B19-BBA6-4BFD-93BF-5422C2DAAA21}.Debug|Any CPU.Build.0 = Debug|Any CPU
		{4AA70B19-BBA6-4BFD-93BF-5422C2DAAA21}.Release|Any CPU.ActiveCfg = Release|Any CPU
		{4AA70B19-BBA6-4BFD-93BF-5422C2DAAA21}.Release|Any CPU.Build.0 = Release|Any CPU
	EndGlobalSection
	GlobalSection(SolutionProperties) = preSolution
		HideSolutionNode = FALSE
	EndGlobalSection
	GlobalSection(NestedProjects) = preSolution
		{8D58E07F-92C4-4AB4-BA1E-52BC441D5E9D} = {FC6CDA09-2949-4727-B280-CA85CBACC0EB}
		{6ED3EB32-1053-4F4B-B97A-0A9C72EA30BE} = {07EC7EF1-4318-48C2-902A-3E48CC8A90C7}
		{42C4AF77-649C-4BFC-A014-252914D2E023} = {96846E10-BCC4-4784-A577-B160ADCE76BB}
		{4D785A98-A972-4A40-9513-9473F716B354} = {96846E10-BCC4-4784-A577-B160ADCE76BB}
		{C34B6C1F-188E-4864-92B8-E3D92282FE6D} = {2638744D-3488-4AAE-87B3-1698C5E81BDD}
		{C7EF2478-DC9A-4EAE-A49C-69E86C0C7DE0} = {2638744D-3488-4AAE-87B3-1698C5E81BDD}
		{4DEE9775-DDE7-470D-ABE1-D61EC350401E} = {91439E78-799D-4A9F-A02D-830E68064597}
		{ACF75E35-C841-4E9A-8436-0205F4BFB428} = {FC6CDA09-2949-4727-B280-CA85CBACC0EB}
		{4241036B-3770-4979-ACA4-57545BA30C4D} = {FC6CDA09-2949-4727-B280-CA85CBACC0EB}
		{7295D14E-2678-4383-B3DD-AD4FA55D1E9F} = {07EC7EF1-4318-48C2-902A-3E48CC8A90C7}
		{9F985C82-599A-44F9-B388-DCCFA8FBD8FA} = {07EC7EF1-4318-48C2-902A-3E48CC8A90C7}
		{DDE2D08D-3893-4808-828E-6F2FD5DFDDB3} = {2638744D-3488-4AAE-87B3-1698C5E81BDD}
		{B87FA20C-F3C1-4F12-8116-888DDA2B564A} = {2638744D-3488-4AAE-87B3-1698C5E81BDD}
		{010325FE-B393-4A4A-9E47-6267DF150A45} = {96846E10-BCC4-4784-A577-B160ADCE76BB}
		{4AA70B19-BBA6-4BFD-93BF-5422C2DAAA21} = {906668B8-1BCA-400E-B2A0-F940E47490EB}
	EndGlobalSection
EndGlobal
